
Microsoft Visual Studio Solution File, Format Version 12.00
# Visual Studio Version 16
VisualStudioVersion = 16.0.31129.286
MinimumVisualStudioVersion = 10.0.40219.1
Project("{FAE04EC0-301F-11D3-BF4B-00C04F79EFBC}") = "MafiaCore", "MafiaCore\MafiaCore.csproj", "{4FED6AC0-B525-4198-A3A6-7AF62AA52758}"
EndProject
Project("{FAE04EC0-301F-11D3-BF4B-00C04F79EFBC}") = "Mafia Core Sandbox", "Mafia Core Sandbox\Mafia Core Sandbox.csproj", "{52B31E8E-F814-40F9-B6F7-CE4326C2728F}"
EndProject
Global
	GlobalSection(SolutionConfigurationPlatforms) = preSolution
		Debug|Any CPU = Debug|Any CPU
		Release|Any CPU = Release|Any CPU
	EndGlobalSection
	GlobalSection(ProjectConfigurationPlatforms) = postSolution
		{4FED6AC0-B525-4198-A3A6-7AF62AA52758}.Debug|Any CPU.ActiveCfg = Debug|Any CPU
		{4FED6AC0-B525-4198-A3A6-7AF62AA52758}.Debug|Any CPU.Build.0 = Debug|Any CPU
		{4FED6AC0-B525-4198-A3A6-7AF62AA52758}.Release|Any CPU.ActiveCfg = Release|Any CPU
		{4FED6AC0-B525-4198-A3A6-7AF62AA52758}.Release|Any CPU.Build.0 = Release|Any CPU
		{52B31E8E-F814-40F9-B6F7-CE4326C2728F}.Debug|Any CPU.ActiveCfg = Debug|Any CPU
		{52B31E8E-F814-40F9-B6F7-CE4326C2728F}.Debug|Any CPU.Build.0 = Debug|Any CPU
		{52B31E8E-F814-40F9-B6F7-CE4326C2728F}.Release|Any CPU.ActiveCfg = Release|Any CPU
		{52B31E8E-F814-40F9-B6F7-CE4326C2728F}.Release|Any CPU.Build.0 = Release|Any CPU
	EndGlobalSection
	GlobalSection(SolutionProperties) = preSolution
		HideSolutionNode = FALSE
	EndGlobalSection
	GlobalSection(ExtensibilityGlobals) = postSolution
		SolutionGuid = {05022A16-39FC-42EA-A049-E5E7DDD57E6D}
	EndGlobalSection
EndGlobal
